
Microsoft Visual Studio Solution File, Format Version 12.00
# Visual Studio Version 17
VisualStudioVersion = 17.2.32526.322
MinimumVisualStudioVersion = 10.0.40219.1
Project("{9A19103F-16F7-4668-BE54-9A1E7A4F7556}") = "CartingService.WebAPI", "CartingService.WebAPI\CartingService.WebAPI.csproj", "{7D553435-1D18-4BE3-BA8D-27B6364E2581}"
EndProject
Project("{9A19103F-16F7-4668-BE54-9A1E7A4F7556}") = "CartingService.Core", "CartingService.Core\CartingService.Core.csproj", "{3D84F2C1-B17F-4F7C-B454-78B10206FF52}"
EndProject
Project("{9A19103F-16F7-4668-BE54-9A1E7A4F7556}") = "CartingService.UnitTests", "CartingService.UnitTests\CartingService.UnitTests.csproj", "{36AC4870-3154-4B7E-9027-A12DA96FBC1B}"
EndProject
Project("{FAE04EC0-301F-11D3-BF4B-00C04F79EFBC}") = "CatalogService.Core.DAL", "CatalogService.Core.DAL\CatalogService.Core.DAL.csproj", "{77DCBED7-D736-4B4D-A3D5-FE6179C6E899}"
EndProject
Global
	GlobalSection(SolutionConfigurationPlatforms) = preSolution
		Debug|Any CPU = Debug|Any CPU
		Release|Any CPU = Release|Any CPU
	EndGlobalSection
	GlobalSection(ProjectConfigurationPlatforms) = postSolution
		{7D553435-1D18-4BE3-BA8D-27B6364E2581}.Debug|Any CPU.ActiveCfg = Debug|Any CPU
		{7D553435-1D18-4BE3-BA8D-27B6364E2581}.Debug|Any CPU.Build.0 = Debug|Any CPU
		{7D553435-1D18-4BE3-BA8D-27B6364E2581}.Release|Any CPU.ActiveCfg = Release|Any CPU
		{7D553435-1D18-4BE3-BA8D-27B6364E2581}.Release|Any CPU.Build.0 = Release|Any CPU
		{3D84F2C1-B17F-4F7C-B454-78B10206FF52}.Debug|Any CPU.ActiveCfg = Debug|Any CPU
		{3D84F2C1-B17F-4F7C-B454-78B10206FF52}.Debug|Any CPU.Build.0 = Debug|Any CPU
		{3D84F2C1-B17F-4F7C-B454-78B10206FF52}.Release|Any CPU.ActiveCfg = Release|Any CPU
		{3D84F2C1-B17F-4F7C-B454-78B10206FF52}.Release|Any CPU.Build.0 = Release|Any CPU
		{36AC4870-3154-4B7E-9027-A12DA96FBC1B}.Debug|Any CPU.ActiveCfg = Debug|Any CPU
		{36AC4870-3154-4B7E-9027-A12DA96FBC1B}.Debug|Any CPU.Build.0 = Debug|Any CPU
		{36AC4870-3154-4B7E-9027-A12DA96FBC1B}.Release|Any CPU.ActiveCfg = Release|Any CPU
		{36AC4870-3154-4B7E-9027-A12DA96FBC1B}.Release|Any CPU.Build.0 = Release|Any CPU
		{77DCBED7-D736-4B4D-A3D5-FE6179C6E899}.Debug|Any CPU.ActiveCfg = Debug|Any CPU
		{77DCBED7-D736-4B4D-A3D5-FE6179C6E899}.Debug|Any CPU.Build.0 = Debug|Any CPU
		{77DCBED7-D736-4B4D-A3D5-FE6179C6E899}.Release|Any CPU.ActiveCfg = Release|Any CPU
		{77DCBED7-D736-4B4D-A3D5-FE6179C6E899}.Release|Any CPU.Build.0 = Release|Any CPU
	EndGlobalSection
	GlobalSection(SolutionProperties) = preSolution
		HideSolutionNode = FALSE
	EndGlobalSection
	GlobalSection(ExtensibilityGlobals) = postSolution
		SolutionGuid = {D01FCF3A-EC4D-43C0-AA83-0CF703854E4E}
	EndGlobalSection
EndGlobal
