
Microsoft Visual Studio Solution File, Format Version 12.00
# Visual Studio Version 17
VisualStudioVersion = 17.2.32526.322
MinimumVisualStudioVersion = 10.0.40219.1
Project("{9A19103F-16F7-4668-BE54-9A1E7A4F7556}") = "CartingService.WebAPI", "CartingService.WebAPI\CartingService.WebAPI.csproj", "{7D553435-1D18-4BE3-BA8D-27B6364E2581}"
EndProject
Project("{9A19103F-16F7-4668-BE54-9A1E7A4F7556}") = "CartingService", "CartingService\CartingService.csproj", "{3D84F2C1-B17F-4F7C-B454-78B10206FF52}"
EndProject
Project("{9A19103F-16F7-4668-BE54-9A1E7A4F7556}") = "CartingService.UnitTests", "CartingService.UnitTests\CartingService.UnitTests.csproj", "{36AC4870-3154-4B7E-9027-A12DA96FBC1B}"
EndProject
Project("{9A19103F-16F7-4668-BE54-9A1E7A4F7556}") = "CatalogService.DAL", "CatalogService.DAL\CatalogService.DAL.csproj", "{77DCBED7-D736-4B4D-A3D5-FE6179C6E899}"
EndProject
Project("{9A19103F-16F7-4668-BE54-9A1E7A4F7556}") = "CatalogService.BLL", "CatalogService.BLL\CatalogService.BLL.csproj", "{62634D47-8DE3-4D1E-A136-0F289ED1F6A4}"
EndProject
Project("{9A19103F-16F7-4668-BE54-9A1E7A4F7556}") = "CatalogService.UnitTests", "CatalogService.UnitTests\CatalogService.UnitTests.csproj", "{52F536F6-B59D-4FE4-B497-0175A9DD93DA}"
EndProject
Project("{9A19103F-16F7-4668-BE54-9A1E7A4F7556}") = "CatalogService.WebAPI", "CatalogService.WebAPI\CatalogService.WebAPI.csproj", "{8424B71C-5C49-44E9-AD5C-9DC4233B9F5C}"
EndProject
Project("{9A19103F-16F7-4668-BE54-9A1E7A4F7556}") = "CatalogService.WebAPI.Tests", "CatalogService.WebAPI.Tests\CatalogService.WebAPI.Tests.csproj", "{92523A96-3FE6-44B8-8550-3BA0577B4464}"
EndProject
Project("{FAE04EC0-301F-11D3-BF4B-00C04F79EFBC}") = "CartingService.WebAPI.Tests", "CartingService.WebAPI.Tests\CartingService.WebAPI.Tests.csproj", "{EFF0638B-5CA5-42EF-AD52-49EB149FBC2D}"
EndProject
Global
	GlobalSection(SolutionConfigurationPlatforms) = preSolution
		Debug|Any CPU = Debug|Any CPU
		Release|Any CPU = Release|Any CPU
	EndGlobalSection
	GlobalSection(ProjectConfigurationPlatforms) = postSolution
		{7D553435-1D18-4BE3-BA8D-27B6364E2581}.Debug|Any CPU.ActiveCfg = Debug|Any CPU
		{7D553435-1D18-4BE3-BA8D-27B6364E2581}.Debug|Any CPU.Build.0 = Debug|Any CPU
		{7D553435-1D18-4BE3-BA8D-27B6364E2581}.Release|Any CPU.ActiveCfg = Release|Any CPU
		{7D553435-1D18-4BE3-BA8D-27B6364E2581}.Release|Any CPU.Build.0 = Release|Any CPU
		{3D84F2C1-B17F-4F7C-B454-78B10206FF52}.Debug|Any CPU.ActiveCfg = Debug|Any CPU
		{3D84F2C1-B17F-4F7C-B454-78B10206FF52}.Debug|Any CPU.Build.0 = Debug|Any CPU
		{3D84F2C1-B17F-4F7C-B454-78B10206FF52}.Release|Any CPU.ActiveCfg = Release|Any CPU
		{3D84F2C1-B17F-4F7C-B454-78B10206FF52}.Release|Any CPU.Build.0 = Release|Any CPU
		{36AC4870-3154-4B7E-9027-A12DA96FBC1B}.Debug|Any CPU.ActiveCfg = Debug|Any CPU
		{36AC4870-3154-4B7E-9027-A12DA96FBC1B}.Debug|Any CPU.Build.0 = Debug|Any CPU
		{36AC4870-3154-4B7E-9027-A12DA96FBC1B}.Release|Any CPU.ActiveCfg = Release|Any CPU
		{36AC4870-3154-4B7E-9027-A12DA96FBC1B}.Release|Any CPU.Build.0 = Release|Any CPU
		{77DCBED7-D736-4B4D-A3D5-FE6179C6E899}.Debug|Any CPU.ActiveCfg = Debug|Any CPU
		{77DCBED7-D736-4B4D-A3D5-FE6179C6E899}.Debug|Any CPU.Build.0 = Debug|Any CPU
		{77DCBED7-D736-4B4D-A3D5-FE6179C6E899}.Release|Any CPU.ActiveCfg = Release|Any CPU
		{77DCBED7-D736-4B4D-A3D5-FE6179C6E899}.Release|Any CPU.Build.0 = Release|Any CPU
		{62634D47-8DE3-4D1E-A136-0F289ED1F6A4}.Debug|Any CPU.ActiveCfg = Debug|Any CPU
		{62634D47-8DE3-4D1E-A136-0F289ED1F6A4}.Debug|Any CPU.Build.0 = Debug|Any CPU
		{62634D47-8DE3-4D1E-A136-0F289ED1F6A4}.Release|Any CPU.ActiveCfg = Release|Any CPU
		{62634D47-8DE3-4D1E-A136-0F289ED1F6A4}.Release|Any CPU.Build.0 = Release|Any CPU
		{52F536F6-B59D-4FE4-B497-0175A9DD93DA}.Debug|Any CPU.ActiveCfg = Debug|Any CPU
		{52F536F6-B59D-4FE4-B497-0175A9DD93DA}.Debug|Any CPU.Build.0 = Debug|Any CPU
		{52F536F6-B59D-4FE4-B497-0175A9DD93DA}.Release|Any CPU.ActiveCfg = Release|Any CPU
		{52F536F6-B59D-4FE4-B497-0175A9DD93DA}.Release|Any CPU.Build.0 = Release|Any CPU
		{8424B71C-5C49-44E9-AD5C-9DC4233B9F5C}.Debug|Any CPU.ActiveCfg = Debug|Any CPU
		{8424B71C-5C49-44E9-AD5C-9DC4233B9F5C}.Debug|Any CPU.Build.0 = Debug|Any CPU
		{8424B71C-5C49-44E9-AD5C-9DC4233B9F5C}.Release|Any CPU.ActiveCfg = Release|Any CPU
		{8424B71C-5C49-44E9-AD5C-9DC4233B9F5C}.Release|Any CPU.Build.0 = Release|Any CPU
		{92523A96-3FE6-44B8-8550-3BA0577B4464}.Debug|Any CPU.ActiveCfg = Debug|Any CPU
		{92523A96-3FE6-44B8-8550-3BA0577B4464}.Debug|Any CPU.Build.0 = Debug|Any CPU
		{92523A96-3FE6-44B8-8550-3BA0577B4464}.Release|Any CPU.ActiveCfg = Release|Any CPU
		{92523A96-3FE6-44B8-8550-3BA0577B4464}.Release|Any CPU.Build.0 = Release|Any CPU
		{EFF0638B-5CA5-42EF-AD52-49EB149FBC2D}.Debug|Any CPU.ActiveCfg = Debug|Any CPU
		{EFF0638B-5CA5-42EF-AD52-49EB149FBC2D}.Debug|Any CPU.Build.0 = Debug|Any CPU
		{EFF0638B-5CA5-42EF-AD52-49EB149FBC2D}.Release|Any CPU.ActiveCfg = Release|Any CPU
		{EFF0638B-5CA5-42EF-AD52-49EB149FBC2D}.Release|Any CPU.Build.0 = Release|Any CPU
	EndGlobalSection
	GlobalSection(SolutionProperties) = preSolution
		HideSolutionNode = FALSE
	EndGlobalSection
	GlobalSection(ExtensibilityGlobals) = postSolution
		SolutionGuid = {D01FCF3A-EC4D-43C0-AA83-0CF703854E4E}
	EndGlobalSection
EndGlobal
